
Microsoft Visual Studio Solution File, Format Version 12.00
# Visual Studio Version 16
VisualStudioVersion = 16.0.30717.126
MinimumVisualStudioVersion = 10.0.40219.1
Project("{9A19103F-16F7-4668-BE54-9A1E7A4F7556}") = "VectorDemo", "MathVector\VectorDemo.csproj", "{16938E72-DA92-4BCB-BBF2-074079A52E6F}"
EndProject
Project("{9A19103F-16F7-4668-BE54-9A1E7A4F7556}") = "LinearAlgebra", "ClassLibrary\LinearAlgebra.csproj", "{AB311211-F02F-4FA3-B5D4-FD8D03909430}"
EndProject
Project("{FAE04EC0-301F-11D3-BF4B-00C04F79EFBC}") = "MathVectorTests", "MathVectorTests\MathVectorTests.csproj", "{5BD1C553-04C0-4C8F-A9C0-3FE6B0FCA284}"
	ProjectSection(ProjectDependencies) = postProject
		{AB311211-F02F-4FA3-B5D4-FD8D03909430} = {AB311211-F02F-4FA3-B5D4-FD8D03909430}
	EndProjectSection
EndProject
Project("{FAE04EC0-301F-11D3-BF4B-00C04F79EFBC}") = "IrisChart", "IrisChart\IrisChart.csproj", "{3606084B-1634-4857-9391-23B136067854}"
EndProject
Global
	GlobalSection(SolutionConfigurationPlatforms) = preSolution
		Debug|Any CPU = Debug|Any CPU
		Release|Any CPU = Release|Any CPU
	EndGlobalSection
	GlobalSection(ProjectConfigurationPlatforms) = postSolution
		{16938E72-DA92-4BCB-BBF2-074079A52E6F}.Debug|Any CPU.ActiveCfg = Debug|Any CPU
		{16938E72-DA92-4BCB-BBF2-074079A52E6F}.Debug|Any CPU.Build.0 = Debug|Any CPU
		{16938E72-DA92-4BCB-BBF2-074079A52E6F}.Release|Any CPU.ActiveCfg = Release|Any CPU
		{16938E72-DA92-4BCB-BBF2-074079A52E6F}.Release|Any CPU.Build.0 = Release|Any CPU
		{AB311211-F02F-4FA3-B5D4-FD8D03909430}.Debug|Any CPU.ActiveCfg = Debug|Any CPU
		{AB311211-F02F-4FA3-B5D4-FD8D03909430}.Debug|Any CPU.Build.0 = Debug|Any CPU
		{AB311211-F02F-4FA3-B5D4-FD8D03909430}.Release|Any CPU.ActiveCfg = Release|Any CPU
		{AB311211-F02F-4FA3-B5D4-FD8D03909430}.Release|Any CPU.Build.0 = Release|Any CPU
		{5BD1C553-04C0-4C8F-A9C0-3FE6B0FCA284}.Debug|Any CPU.ActiveCfg = Debug|Any CPU
		{5BD1C553-04C0-4C8F-A9C0-3FE6B0FCA284}.Debug|Any CPU.Build.0 = Debug|Any CPU
		{5BD1C553-04C0-4C8F-A9C0-3FE6B0FCA284}.Release|Any CPU.ActiveCfg = Release|Any CPU
		{5BD1C553-04C0-4C8F-A9C0-3FE6B0FCA284}.Release|Any CPU.Build.0 = Release|Any CPU
		{3606084B-1634-4857-9391-23B136067854}.Debug|Any CPU.ActiveCfg = Debug|Any CPU
		{3606084B-1634-4857-9391-23B136067854}.Debug|Any CPU.Build.0 = Debug|Any CPU
		{3606084B-1634-4857-9391-23B136067854}.Release|Any CPU.ActiveCfg = Release|Any CPU
		{3606084B-1634-4857-9391-23B136067854}.Release|Any CPU.Build.0 = Release|Any CPU
	EndGlobalSection
	GlobalSection(SolutionProperties) = preSolution
		HideSolutionNode = FALSE
	EndGlobalSection
	GlobalSection(ExtensibilityGlobals) = postSolution
		SolutionGuid = {ABA9AA22-3317-4909-A0E3-753FB0230B16}
	EndGlobalSection
EndGlobal
